
Microsoft Visual Studio Solution File, Format Version 12.00
Project("{2150E333-8FDC-42A3-9474-1A3956D46DE8}") = "Delegates", "Delegates", "{10DE4E45-E3FA-4F27-9D67-8C72FBE15F33}"
EndProject
Project("{FAE04EC0-301F-11D3-BF4B-00C04F79EFBC}") = "TrafficLight", "Delegates\TrafficLight\TrafficLight.csproj", "{A6AE5465-9E04-4544-A3D6-68AE208246F6}"
EndProject
Project("{2150E333-8FDC-42A3-9474-1A3956D46DE8}") = "Structs", "Structs", "{27463369-3CBA-4361-B4CC-E52A55E6092E}"
EndProject
Project("{FAE04EC0-301F-11D3-BF4B-00C04F79EFBC}") = "Time", "Structs\Time\Time.csproj", "{B38A1E32-6419-42E3-9D18-9F7ACE433807}"
EndProject
Project("{2150E333-8FDC-42A3-9474-1A3956D46DE8}") = "FileReadWrite", "FileReadWrite", "{9E70C8FA-8B9B-4E4C-9B37-1FADBC292392}"
EndProject
Project("{FAE04EC0-301F-11D3-BF4B-00C04F79EFBC}") = "StreamReadWrite", "FileReadWrite\StreamReadWrite\StreamReadWrite.csproj", "{4148C941-4036-4CF5-A343-47FA6585591B}"
EndProject
Project("{2150E333-8FDC-42A3-9474-1A3956D46DE8}") = "JSON", "JSON", "{FFDC0BCC-9B3C-427D-B7A1-E4438D1ACFC4}"
EndProject
Project("{FAE04EC0-301F-11D3-BF4B-00C04F79EFBC}") = "JSON1", "JSON\JSON1\JSON1.csproj", "{8945A27E-EFA0-4950-B6EE-98F0CD560DEC}"
EndProject
Project("{2150E333-8FDC-42A3-9474-1A3956D46DE8}") = "Sockets", "Sockets", "{B61A9E0F-1CF6-491E-8B76-CDF7102854A5}"
EndProject
Project("{FAE04EC0-301F-11D3-BF4B-00C04F79EFBC}") = "EchoServer", "Sockets\EchoServer\EchoServer.csproj", "{650700F6-46EA-49B3-9C1B-F7E35F14F088}"
EndProject
Project("{FAE04EC0-301F-11D3-BF4B-00C04F79EFBC}") = "EchoClient", "Sockets\EchoClient\EchoClient.csproj", "{67C10F4A-1B53-44A3-8F4F-9425683652AF}"
EndProject
Project("{2150E333-8FDC-42A3-9474-1A3956D46DE8}") = "Blazor", "Blazor", "{61750F20-A1DA-4ABA-80E6-FA32F33907B8}"
EndProject
Project("{FAE04EC0-301F-11D3-BF4B-00C04F79EFBC}") = "TodoTutorial", "Blazor\TodoTutorial\TodoTutorial.csproj", "{71228211-484F-4DEB-AE96-E424B610DA9A}"
EndProject
Project("{FAE04EC0-301F-11D3-BF4B-00C04F79EFBC}") = "FourthCoffee", "Blazor\FourthCoffee\FourthCoffee.csproj", "{05738017-1B9F-4BAD-AD4E-5859AB6CCB5E}"
EndProject
Project("{2150E333-8FDC-42A3-9474-1A3956D46DE8}") = "SocketProtocol", "SocketProtocol", "{33D4AA5E-CE73-4A5F-A3A0-C43429E4CAB3}"
EndProject
Project("{FAE04EC0-301F-11D3-BF4B-00C04F79EFBC}") = "ProtocolClient", "Sockets\SocketProtocol\ProtocolClient\ProtocolClient.csproj", "{7C3E193F-0EF2-4785-993D-7FB8E70A4976}"
EndProject
Project("{FAE04EC0-301F-11D3-BF4B-00C04F79EFBC}") = "ProtocolServer", "Sockets\SocketProtocol\ProtocolServer\ProtocolServer.csproj", "{6C080EFA-9869-4825-A3CB-085EB77A2D63}"
EndProject
Project("{FAE04EC0-301F-11D3-BF4B-00C04F79EFBC}") = "AdvancedTodo", "Blazor\AdvancedTodo\AdvancedTodo.csproj", "{337CCBE7-2CEA-46F1-A8EF-031C7E672314}"
EndProject
Project("{FAE04EC0-301F-11D3-BF4B-00C04F79EFBC}") = "LoginExample", "Blazor\LoginExample\LoginExample.csproj", "{56FE01E4-600A-416D-B368-DC12E00EE4FC}"
EndProject
Project("{FAE04EC0-301F-11D3-BF4B-00C04F79EFBC}") = "AnimLoop", "Blazor\AnimLoop\AnimLoop.csproj", "{0C0F6495-6D83-45D0-A7E3-9397002FA42F}"
EndProject
Project("{2150E333-8FDC-42A3-9474-1A3956D46DE8}") = "Tasks", "Tasks", "{34CA9FEA-211D-473D-AB74-1DC832C4F946}"
EndProject
Project("{FAE04EC0-301F-11D3-BF4B-00C04F79EFBC}") = "StartingTasks", "Tasks\StartingTasks\StartingTasks.csproj", "{C3FB5D1D-25FB-4438-AD3A-C966423AF670}"
EndProject
Project("{2150E333-8FDC-42A3-9474-1A3956D46DE8}") = "REST", "REST", "{B0491890-CA00-41BD-B786-6A2D4DE67797}"
EndProject
Project("{FAE04EC0-301F-11D3-BF4B-00C04F79EFBC}") = "TodoClient", "REST\TodoClient\TodoClient.csproj", "{911748E8-62EE-4692-8725-157665D39519}"
EndProject
Project("{2150E333-8FDC-42A3-9474-1A3956D46DE8}") = "WebAPI", "WebAPI", "{8AE2B4FE-3D89-443D-BB39-30BEF99F10CA}"
EndProject
Project("{FAE04EC0-301F-11D3-BF4B-00C04F79EFBC}") = "AdvancedTodoWebService", "Blazor\AdvancedTodoWithWebClient\AdvancedTodoWebService.csproj", "{E4B825FD-0D66-45F3-A4D8-5B19B06BC6A3}"
EndProject
Project("{FAE04EC0-301F-11D3-BF4B-00C04F79EFBC}") = "AdvancedTodoWebAPI", "WebAPI\AdvancedTodoWebAPI\AdvancedTodoWebAPI.csproj", "{3FB4D933-0666-4F05-96D2-A391E20322F8}"
EndProject
Global
	GlobalSection(SolutionConfigurationPlatforms) = preSolution
		Debug|Any CPU = Debug|Any CPU
		Release|Any CPU = Release|Any CPU
	EndGlobalSection
	GlobalSection(NestedProjects) = preSolution
		{A6AE5465-9E04-4544-A3D6-68AE208246F6} = {10DE4E45-E3FA-4F27-9D67-8C72FBE15F33}
		{B38A1E32-6419-42E3-9D18-9F7ACE433807} = {27463369-3CBA-4361-B4CC-E52A55E6092E}
		{4148C941-4036-4CF5-A343-47FA6585591B} = {9E70C8FA-8B9B-4E4C-9B37-1FADBC292392}
		{8945A27E-EFA0-4950-B6EE-98F0CD560DEC} = {FFDC0BCC-9B3C-427D-B7A1-E4438D1ACFC4}
		{650700F6-46EA-49B3-9C1B-F7E35F14F088} = {B61A9E0F-1CF6-491E-8B76-CDF7102854A5}
		{67C10F4A-1B53-44A3-8F4F-9425683652AF} = {B61A9E0F-1CF6-491E-8B76-CDF7102854A5}
		{71228211-484F-4DEB-AE96-E424B610DA9A} = {61750F20-A1DA-4ABA-80E6-FA32F33907B8}
		{05738017-1B9F-4BAD-AD4E-5859AB6CCB5E} = {61750F20-A1DA-4ABA-80E6-FA32F33907B8}
		{33D4AA5E-CE73-4A5F-A3A0-C43429E4CAB3} = {B61A9E0F-1CF6-491E-8B76-CDF7102854A5}
		{7C3E193F-0EF2-4785-993D-7FB8E70A4976} = {33D4AA5E-CE73-4A5F-A3A0-C43429E4CAB3}
		{6C080EFA-9869-4825-A3CB-085EB77A2D63} = {33D4AA5E-CE73-4A5F-A3A0-C43429E4CAB3}
		{337CCBE7-2CEA-46F1-A8EF-031C7E672314} = {61750F20-A1DA-4ABA-80E6-FA32F33907B8}
		{56FE01E4-600A-416D-B368-DC12E00EE4FC} = {61750F20-A1DA-4ABA-80E6-FA32F33907B8}
		{0C0F6495-6D83-45D0-A7E3-9397002FA42F} = {61750F20-A1DA-4ABA-80E6-FA32F33907B8}
		{C3FB5D1D-25FB-4438-AD3A-C966423AF670} = {34CA9FEA-211D-473D-AB74-1DC832C4F946}
		{911748E8-62EE-4692-8725-157665D39519} = {B0491890-CA00-41BD-B786-6A2D4DE67797}
		{E4B825FD-0D66-45F3-A4D8-5B19B06BC6A3} = {61750F20-A1DA-4ABA-80E6-FA32F33907B8}
		{3FB4D933-0666-4F05-96D2-A391E20322F8} = {8AE2B4FE-3D89-443D-BB39-30BEF99F10CA}
	EndGlobalSection
	GlobalSection(ProjectConfigurationPlatforms) = postSolution
		{A6AE5465-9E04-4544-A3D6-68AE208246F6}.Debug|Any CPU.ActiveCfg = Debug|Any CPU
		{A6AE5465-9E04-4544-A3D6-68AE208246F6}.Debug|Any CPU.Build.0 = Debug|Any CPU
		{A6AE5465-9E04-4544-A3D6-68AE208246F6}.Release|Any CPU.ActiveCfg = Release|Any CPU
		{A6AE5465-9E04-4544-A3D6-68AE208246F6}.Release|Any CPU.Build.0 = Release|Any CPU
		{B38A1E32-6419-42E3-9D18-9F7ACE433807}.Debug|Any CPU.ActiveCfg = Debug|Any CPU
		{B38A1E32-6419-42E3-9D18-9F7ACE433807}.Debug|Any CPU.Build.0 = Debug|Any CPU
		{B38A1E32-6419-42E3-9D18-9F7ACE433807}.Release|Any CPU.ActiveCfg = Release|Any CPU
		{B38A1E32-6419-42E3-9D18-9F7ACE433807}.Release|Any CPU.Build.0 = Release|Any CPU
		{4148C941-4036-4CF5-A343-47FA6585591B}.Debug|Any CPU.ActiveCfg = Debug|Any CPU
		{4148C941-4036-4CF5-A343-47FA6585591B}.Debug|Any CPU.Build.0 = Debug|Any CPU
		{4148C941-4036-4CF5-A343-47FA6585591B}.Release|Any CPU.ActiveCfg = Release|Any CPU
		{4148C941-4036-4CF5-A343-47FA6585591B}.Release|Any CPU.Build.0 = Release|Any CPU
		{8945A27E-EFA0-4950-B6EE-98F0CD560DEC}.Debug|Any CPU.ActiveCfg = Debug|Any CPU
		{8945A27E-EFA0-4950-B6EE-98F0CD560DEC}.Debug|Any CPU.Build.0 = Debug|Any CPU
		{8945A27E-EFA0-4950-B6EE-98F0CD560DEC}.Release|Any CPU.ActiveCfg = Release|Any CPU
		{8945A27E-EFA0-4950-B6EE-98F0CD560DEC}.Release|Any CPU.Build.0 = Release|Any CPU
		{650700F6-46EA-49B3-9C1B-F7E35F14F088}.Debug|Any CPU.ActiveCfg = Debug|Any CPU
		{650700F6-46EA-49B3-9C1B-F7E35F14F088}.Debug|Any CPU.Build.0 = Debug|Any CPU
		{650700F6-46EA-49B3-9C1B-F7E35F14F088}.Release|Any CPU.ActiveCfg = Release|Any CPU
		{650700F6-46EA-49B3-9C1B-F7E35F14F088}.Release|Any CPU.Build.0 = Release|Any CPU
		{67C10F4A-1B53-44A3-8F4F-9425683652AF}.Debug|Any CPU.ActiveCfg = Debug|Any CPU
		{67C10F4A-1B53-44A3-8F4F-9425683652AF}.Debug|Any CPU.Build.0 = Debug|Any CPU
		{67C10F4A-1B53-44A3-8F4F-9425683652AF}.Release|Any CPU.ActiveCfg = Release|Any CPU
		{67C10F4A-1B53-44A3-8F4F-9425683652AF}.Release|Any CPU.Build.0 = Release|Any CPU
		{71228211-484F-4DEB-AE96-E424B610DA9A}.Debug|Any CPU.ActiveCfg = Debug|Any CPU
		{71228211-484F-4DEB-AE96-E424B610DA9A}.Debug|Any CPU.Build.0 = Debug|Any CPU
		{71228211-484F-4DEB-AE96-E424B610DA9A}.Release|Any CPU.ActiveCfg = Release|Any CPU
		{71228211-484F-4DEB-AE96-E424B610DA9A}.Release|Any CPU.Build.0 = Release|Any CPU
		{05738017-1B9F-4BAD-AD4E-5859AB6CCB5E}.Debug|Any CPU.ActiveCfg = Debug|Any CPU
		{05738017-1B9F-4BAD-AD4E-5859AB6CCB5E}.Debug|Any CPU.Build.0 = Debug|Any CPU
		{05738017-1B9F-4BAD-AD4E-5859AB6CCB5E}.Release|Any CPU.ActiveCfg = Release|Any CPU
		{05738017-1B9F-4BAD-AD4E-5859AB6CCB5E}.Release|Any CPU.Build.0 = Release|Any CPU
		{7C3E193F-0EF2-4785-993D-7FB8E70A4976}.Debug|Any CPU.ActiveCfg = Debug|Any CPU
		{7C3E193F-0EF2-4785-993D-7FB8E70A4976}.Debug|Any CPU.Build.0 = Debug|Any CPU
		{7C3E193F-0EF2-4785-993D-7FB8E70A4976}.Release|Any CPU.ActiveCfg = Release|Any CPU
		{7C3E193F-0EF2-4785-993D-7FB8E70A4976}.Release|Any CPU.Build.0 = Release|Any CPU
		{6C080EFA-9869-4825-A3CB-085EB77A2D63}.Debug|Any CPU.ActiveCfg = Debug|Any CPU
		{6C080EFA-9869-4825-A3CB-085EB77A2D63}.Debug|Any CPU.Build.0 = Debug|Any CPU
		{6C080EFA-9869-4825-A3CB-085EB77A2D63}.Release|Any CPU.ActiveCfg = Release|Any CPU
		{6C080EFA-9869-4825-A3CB-085EB77A2D63}.Release|Any CPU.Build.0 = Release|Any CPU
		{337CCBE7-2CEA-46F1-A8EF-031C7E672314}.Debug|Any CPU.ActiveCfg = Debug|Any CPU
		{337CCBE7-2CEA-46F1-A8EF-031C7E672314}.Debug|Any CPU.Build.0 = Debug|Any CPU
		{337CCBE7-2CEA-46F1-A8EF-031C7E672314}.Release|Any CPU.ActiveCfg = Release|Any CPU
		{337CCBE7-2CEA-46F1-A8EF-031C7E672314}.Release|Any CPU.Build.0 = Release|Any CPU
		{56FE01E4-600A-416D-B368-DC12E00EE4FC}.Debug|Any CPU.ActiveCfg = Debug|Any CPU
		{56FE01E4-600A-416D-B368-DC12E00EE4FC}.Debug|Any CPU.Build.0 = Debug|Any CPU
		{56FE01E4-600A-416D-B368-DC12E00EE4FC}.Release|Any CPU.ActiveCfg = Release|Any CPU
		{56FE01E4-600A-416D-B368-DC12E00EE4FC}.Release|Any CPU.Build.0 = Release|Any CPU
		{0C0F6495-6D83-45D0-A7E3-9397002FA42F}.Debug|Any CPU.ActiveCfg = Debug|Any CPU
		{0C0F6495-6D83-45D0-A7E3-9397002FA42F}.Debug|Any CPU.Build.0 = Debug|Any CPU
		{0C0F6495-6D83-45D0-A7E3-9397002FA42F}.Release|Any CPU.ActiveCfg = Release|Any CPU
		{0C0F6495-6D83-45D0-A7E3-9397002FA42F}.Release|Any CPU.Build.0 = Release|Any CPU
		{C3FB5D1D-25FB-4438-AD3A-C966423AF670}.Debug|Any CPU.ActiveCfg = Debug|Any CPU
		{C3FB5D1D-25FB-4438-AD3A-C966423AF670}.Debug|Any CPU.Build.0 = Debug|Any CPU
		{C3FB5D1D-25FB-4438-AD3A-C966423AF670}.Release|Any CPU.ActiveCfg = Release|Any CPU
		{C3FB5D1D-25FB-4438-AD3A-C966423AF670}.Release|Any CPU.Build.0 = Release|Any CPU
		{911748E8-62EE-4692-8725-157665D39519}.Debug|Any CPU.ActiveCfg = Debug|Any CPU
		{911748E8-62EE-4692-8725-157665D39519}.Debug|Any CPU.Build.0 = Debug|Any CPU
		{911748E8-62EE-4692-8725-157665D39519}.Release|Any CPU.ActiveCfg = Release|Any CPU
		{911748E8-62EE-4692-8725-157665D39519}.Release|Any CPU.Build.0 = Release|Any CPU
		{E4B825FD-0D66-45F3-A4D8-5B19B06BC6A3}.Debug|Any CPU.ActiveCfg = Debug|Any CPU
		{E4B825FD-0D66-45F3-A4D8-5B19B06BC6A3}.Debug|Any CPU.Build.0 = Debug|Any CPU
		{E4B825FD-0D66-45F3-A4D8-5B19B06BC6A3}.Release|Any CPU.ActiveCfg = Release|Any CPU
		{E4B825FD-0D66-45F3-A4D8-5B19B06BC6A3}.Release|Any CPU.Build.0 = Release|Any CPU
		{3FB4D933-0666-4F05-96D2-A391E20322F8}.Debug|Any CPU.ActiveCfg = Debug|Any CPU
		{3FB4D933-0666-4F05-96D2-A391E20322F8}.Debug|Any CPU.Build.0 = Debug|Any CPU
		{3FB4D933-0666-4F05-96D2-A391E20322F8}.Release|Any CPU.ActiveCfg = Release|Any CPU
		{3FB4D933-0666-4F05-96D2-A391E20322F8}.Release|Any CPU.Build.0 = Release|Any CPU
	EndGlobalSection
EndGlobal
